PODS:
  - Flutter (1.0.0)
  - MapLibre (6.19.1)
  - maplibre_gl (0.24.1):
    - Flutter
    - MapLibre (= 6.19.1)
  - path_provider_foundation (0.0.1):
    - Flutter
    - FlutterMacOS
  - powersync-sqlite-core (0.4.11)
  - powersync_flutter_libs (0.0.1):
    - Flutter
    - FlutterMacOS
    - powersync-sqlite-core (~> 0.4.11)
  - sqlite3 (3.52.0):
    - sqlite3/common (= 3.52.0)
  - sqlite3/common (3.52.0)
  - sqlite3/dbstatvtab (3.52.0):
    - sqlite3/common
  - sqlite3/fts5 (3.52.0):
    - sqlite3/common
  - sqlite3/math (3.52.0):
    - sqlite3/common
  - sqlite3/perf-threadsafe (3.52.0):
    - sqlite3/common
  - sqlite3/rtree (3.52.0):
    - sqlite3/common
  - sqlite3/session (3.52.0):
    - sqlite3/common
  - sqlite3_flutter_libs (0.0.1):
    - Flutter
    - FlutterMacOS
    - sqlite3 (~> 3.52.0)
    - sqlite3/dbstatvtab
    - sqlite3/fts5
    - sqlite3/math
    - sqlite3/perf-threadsafe
    - sqlite3/rtree
    - sqlite3/session

DEPENDENCIES:
  - Flutter (from `Flutter`)
  - maplibre_gl (from `.symlinks/plugins/maplibre_gl/ios`)
  - path_provider_foundation (from `.symlinks/plugins/path_provider_foundation/darwin`)
  - powersync_flutter_libs (from `.symlinks/plugins/powersync_flutter_libs/darwin`)
  - sqlite3_flutter_libs (from `.symlinks/plugins/sqlite3_flutter_libs/darwin`)

SPEC REPOS:
  trunk:
    - MapLibre
    - powersync-sqlite-core
    - sqlite3

EXTERNAL SOURCES:
  Flutter:
    :path: Flutter
  maplibre_gl:
    :path: ".symlinks/plugins/maplibre_gl/ios"
  path_provider_foundation:
    :path: ".symlinks/plugins/path_provider_foundation/darwin"
  powersync_flutter_libs:
    :path: ".symlinks/plugins/powersync_flutter_libs/darwin"
  sqlite3_flutter_libs:
    :path: ".symlinks/plugins/sqlite3_flutter_libs/darwin"

SPEC CHECKSUMS:
  Flutter: e0871f40cf51350855a761d2e70bf5af5b9b5de7
  MapLibre: 7f24faba45439f80ccb0f83393c29fa32cb81952
  maplibre_gl: d83126f1b19adee5e1071c453b421efd5fc99883
  path_provider_foundation: 080d55be775b7414fd5a5ef3ac137b97b097e564
  powersync-sqlite-core: aae0128de5f062c8e5a6bc450090ebba0b398222
  powersync_flutter_libs: 20381b877038d27d8fa918f8c3fff08bfc3925d0
  sqlite3: a51c07cf16e023d6c48abd5e5791a61a47354921
  sqlite3_flutter_libs: b3e120efe9a82017e5552a620f696589ed4f62ab

PODFILE CHECKSUM: a57f30d18f102dd3ce366b1d62a55ecbef2158e5

COCOAPODS: 1.16.2
